<?xml version="1.0" encoding="utf-8"?>
<Project ToolsVersion="4.0" xmlns="http://schemas.microsoft.com/developer/msbuild/2003">
  <ItemGroup>
    <Filter Include="Source Files">
      <UniqueIdentifier>{4FC737F1-C7A5-4376-A066-2A32D752A2FF}</UniqueIdentifier>
      <Extensions>cpp;c;cc;cxx;def;odl;idl;hpj;bat;asm;asmx</Extensions>
    </Filter>
    <Filter Include="Header Files">
      <UniqueIdentifier>{93995380-89BD-4b04-88EB-625FBE52EBFB}</UniqueIdentifier>
      <Extensions>h;hh;hpp;hxx;hm;inl;inc;ipp;xsd</Extensions>
    </Filter>
    <Filter Include="Resource Files">
      <UniqueIdentifier>{67DA6AB6-F800-4c08-8B7A-83BB121AAD01}</UniqueIdentifier>
      <Extensions>rc;ico;cur;bmp;dlg;rc2;rct;bin;rgs;gif;jpg;jpeg;jpe;resx;tiff;tif;png;wav;mfcribbon-ms</Extensions>
    </Filter>
    <Filter Include="Source Files\tests">
      <UniqueIdentifier>{d38ed52c-1293-4d03-b386-5e169d47bf20}</UniqueIdentifier>
    </Filter>
    <Filter Include="Source Files\fakes">
      <UniqueIdentifier>{83cd9480-6dbd-46aa-ab03-30f3647a46ed}</UniqueIdentifier>
    </Filter>
    <Filter Include="Header Files\fakes">
      <UniqueIdentifier>{59da4735-63c2-445a-b42d-cce8a17d0aed}</UniqueIdentifier>
    </Filter>
    <Filter Include="Header Files\utils">
      <UniqueIdentifier>{f0e593db-9a2b-4ce5-9686-24b36577e88d}</UniqueIdentifier>
    </Filter>
  </ItemGroup>
  <ItemGroup>
    <ClCompile Include="main.cpp">
      <Filter>Source Files</Filter>
    </ClCompile>
    <ClCompile Include="BankTests.cpp">
      <Filter>Source Files\tests</Filter>
    </ClCompile>
    <ClCompile Include="fakes\FakeCoreController.cpp">
      <Filter>Source Files\fakes</Filter>
    </ClCompile>
    <ClCompile Include="fakes\FakeDb.cpp">
      <Filter>Source Files\fakes</Filter>
    </ClCompile>
    <ClCompile Include="fakes\FakeEndpoint.cpp">
      <Filter>Source Files\fakes</Filter>
    </ClCompile>
    <ClCompile Include="fakes\FakeWorkLoop.cpp">
      <Filter>Source Files\fakes</Filter>
    </ClCompile>
  </ItemGroup>
  <ItemGroup>
    <ClInclude Include="fakes\FakeCoreController.h">
      <Filter>Header Files\fakes</Filter>
    </ClInclude>
    <ClInclude Include="fakes\FakeDb.h">
      <Filter>Header Files\fakes</Filter>
    </ClInclude>
    <ClInclude Include="fakes\FakeEndpoint.h">
      <Filter>Header Files\fakes</Filter>
    </ClInclude>
    <ClInclude Include="fakes\FakeWorkLoop.h">
      <Filter>Header Files\fakes</Filter>
    </ClInclude>
    <ClInclude Include="TestUtils.h">
      <Filter>Header Files\utils</Filter>
    </ClInclude>
  </ItemGroup>
</Project>